Microsoft Visual Studio Solution File, Format Version 12.00
# Visual Studio Version 17
VisualStudioVersion = 17.5.2.0
MinimumVisualStudioVersion = 10.0.40219.1
Project("{FAE04EC0-301F-11D3-BF4B-00C04F79EFBC}") = "Basarsoft.Api", "Basarsoft.Api\Basarsoft.Api.csproj", "{A08C237C-F9C8-3CC6-3752-63CEB3683D1E}"
EndProject
Project("{FAE04EC0-301F-11D3-BF4B-00C04F79EFBC}") = "Basarsoft.Api.Tests", "Basarsoft.Api.Tests\Basarsoft.Api.Tests.csproj", "{8DB704CB-ED20-4E42-8958-5AA5FC18F3B5}"
EndProject
Global
	GlobalSection(SolutionConfigurationPlatforms) = preSolution
		Debug|Any CPU = Debug|Any CPU
		Release|Any CPU = Release|Any CPU
	EndGlobalSection
	GlobalSection(ProjectConfigurationPlatforms) = postSolution
		{A08C237C-F9C8-3CC6-3752-63CEB3683D1E}.Debug|Any CPU.ActiveCfg = Debug|Any CPU
		{A08C237C-F9C8-3CC6-3752-63CEB3683D1E}.Debug|Any CPU.Build.0 = Debug|Any CPU
		{A08C237C-F9C8-3CC6-3752-63CEB3683D1E}.Release|Any CPU.ActiveCfg = Release|Any CPU
		{A08C237C-F9C8-3CC6-3752-63CEB3683D1E}.Release|Any CPU.Build.0 = Release|Any CPU
		{8DB704CB-ED20-4E42-8958-5AA5FC18F3B5}.Debug|Any CPU.ActiveCfg = Debug|Any CPU
		{8DB704CB-ED20-4E42-8958-5AA5FC18F3B5}.Debug|Any CPU.Build.0 = Debug|Any CPU
		{8DB704CB-ED20-4E42-8958-5AA5FC18F3B5}.Release|Any CPU.ActiveCfg = Release|Any CPU
		{8DB704CB-ED20-4E42-8958-5AA5FC18F3B5}.Release|Any CPU.Build.0 = Release|Any CPU
	EndGlobalSection
	GlobalSection(SolutionProperties) = preSolution
		HideSolutionNode = FALSE
	EndGlobalSection
	GlobalSection(ExtensibilityGlobals) = postSolution
		SolutionGuid = {5993DD6A-8062-4D89-839A-F57A776A6DB5}
	EndGlobalSection
EndGlobal
